
Microsoft Visual Studio Solution File, Format Version 12.00
# Visual Studio Version 17
VisualStudioVersion = 17.0.32112.339
MinimumVisualStudioVersion = 10.0.40219.1
Project("{9A19103F-16F7-4668-BE54-9A1E7A4F7556}") = "PAOTests", "PAOTests\PAOTests.csproj", "{0615580E-ED3D-44F8-88D9-D800CD06B39E}"
EndProject
Project("{FAE04EC0-301F-11D3-BF4B-00C04F79EFBC}") = "PAOWinForms", "PAOWinForms\PAOWinForms.csproj", "{6AB4B476-724F-4AA7-BD3C-7EDAA1EF79A7}"
EndProject
Project("{9A19103F-16F7-4668-BE54-9A1E7A4F7556}") = "PAOCore", "PAOCore\PAOCore.csproj", "{60F2D963-39DA-4DC5-9D8E-8CF2FB3472DA}"
EndProject
Project("{2150E333-8FDC-42A3-9474-1A3956D46DE8}") = "Solution Items", "Solution Items", "{635E28A8-EC90-43AF-9B08-312445DF31E6}"
	ProjectSection(SolutionItems) = preProject
		CHANGELOG.md = CHANGELOG.md
		LICENSE.md = LICENSE.md
		QUICK_START.md = QUICK_START.md
		README.md = README.md
		TO_DO_LIST.md = TO_DO_LIST.md
	EndProjectSection
EndProject
Project("{00D1A9C2-B5F0-4AF3-8072-F6C62B433612}") = "PAODb", "PAODb\PAODb.sqlproj", "{435B884A-EFDD-47F6-A0D5-5D29D28EA1C8}"
EndProject
Global
	GlobalSection(SolutionConfigurationPlatforms) = preSolution
		Debug|Any CPU = Debug|Any CPU
		Release|Any CPU = Release|Any CPU
	EndGlobalSection
	GlobalSection(ProjectConfigurationPlatforms) = postSolution
		{0615580E-ED3D-44F8-88D9-D800CD06B39E}.Debug|Any CPU.ActiveCfg = Debug|Any CPU
		{0615580E-ED3D-44F8-88D9-D800CD06B39E}.Debug|Any CPU.Build.0 = Debug|Any CPU
		{0615580E-ED3D-44F8-88D9-D800CD06B39E}.Release|Any CPU.ActiveCfg = Release|Any CPU
		{0615580E-ED3D-44F8-88D9-D800CD06B39E}.Release|Any CPU.Build.0 = Release|Any CPU
		{6AB4B476-724F-4AA7-BD3C-7EDAA1EF79A7}.Debug|Any CPU.ActiveCfg = Debug|Any CPU
		{6AB4B476-724F-4AA7-BD3C-7EDAA1EF79A7}.Debug|Any CPU.Build.0 = Debug|Any CPU
		{6AB4B476-724F-4AA7-BD3C-7EDAA1EF79A7}.Release|Any CPU.ActiveCfg = Release|Any CPU
		{6AB4B476-724F-4AA7-BD3C-7EDAA1EF79A7}.Release|Any CPU.Build.0 = Release|Any CPU
		{60F2D963-39DA-4DC5-9D8E-8CF2FB3472DA}.Debug|Any CPU.ActiveCfg = Debug|Any CPU
		{60F2D963-39DA-4DC5-9D8E-8CF2FB3472DA}.Debug|Any CPU.Build.0 = Debug|Any CPU
		{60F2D963-39DA-4DC5-9D8E-8CF2FB3472DA}.Release|Any CPU.ActiveCfg = Release|Any CPU
		{60F2D963-39DA-4DC5-9D8E-8CF2FB3472DA}.Release|Any CPU.Build.0 = Release|Any CPU
		{435B884A-EFDD-47F6-A0D5-5D29D28EA1C8}.Debug|Any CPU.ActiveCfg = Debug|Any CPU
		{435B884A-EFDD-47F6-A0D5-5D29D28EA1C8}.Debug|Any CPU.Build.0 = Debug|Any CPU
		{435B884A-EFDD-47F6-A0D5-5D29D28EA1C8}.Debug|Any CPU.Deploy.0 = Debug|Any CPU
		{435B884A-EFDD-47F6-A0D5-5D29D28EA1C8}.Release|Any CPU.ActiveCfg = Release|Any CPU
		{435B884A-EFDD-47F6-A0D5-5D29D28EA1C8}.Release|Any CPU.Build.0 = Release|Any CPU
		{435B884A-EFDD-47F6-A0D5-5D29D28EA1C8}.Release|Any CPU.Deploy.0 = Release|Any CPU
	EndGlobalSection
	GlobalSection(SolutionProperties) = preSolution
		HideSolutionNode = FALSE
	EndGlobalSection
	GlobalSection(ExtensibilityGlobals) = postSolution
		SolutionGuid = {B86ED8AA-6556-4AB6-8F46-64676AD9A696}
	EndGlobalSection
EndGlobal
